// !$*UTF8*$!
{
	archiveVersion = 1;
	classes = {
	};
	objectVersion = 46;
	objects = {

/* Begin PBXBuildFile section */
		717AE964139103210023675F /* main.cpp in Sources */ = {isa = PBXBuildFile; fileRef = 717AE963139103210023675F /* main.cpp */; };
/* End PBXBuildFile section */

/* Begin PBXCopyFilesBuildPhase section */
		717AE95D139103210023675F /* CopyFiles */ = {
			isa = PBXCopyFilesBuildPhase;
			buildActionMask = 2147483647;
			dstPath = /usr/share/man/man1/;
			dstSubfolderSpec = 0;
			files = (
			);
			runOnlyForDeploymentPostprocessing = 1;
		};
/* End PBXCopyFilesBuildPhase section */

/* Begin PBXFileReference section */
		717AE95F139103210023675F /* Dijkstra */ = {isa = PBXFileReference; explicitFileType = "compiled.mach-o.executable"; includeInIndex = 0; path = Dijkstra; sourceTree = BUILT_PRODUCTS_DIR; };
		717AE963139103210023675F /* main.cpp */ = {isa = PBXFileReference; lastKnownFileType = sourcecode.cpp.cpp; path = main.cpp; sourceTree = "<group>"; };
		717AE965139103210023675F /* Dijkstra.1 */ = {isa = PBXFileReference; lastKnownFileType = text.man; path = Dijkstra.1; sourceTree = "<group>"; };
/* End PBXFileReference section */

/* Begin PBXFrameworksBuildPhase section */
		717AE95C139103210023675F /* Frameworks */ = {
			isa = PBXFrameworksBuildPhase;
			buildActionMask = 2147483647;
			files = (
			);
			runOnlyForDeploymentPostprocessing = 0;
		};
/* End PBXFrameworksBuildPhase section */

/* Begin PBXGroup section */
		717AE954139103210023675F = {
			isa = PBXGroup;
			children = (
				717AE962139103210023675F /* Dijkstra */,
				717AE960139103210023675F /* Products */,
			);
			sourceTree = "<group>";
		};
		717AE960139103210023675F /* Products */ = {
			isa = PBXGroup;
			children = (
				717AE95F139103210023675F /* Dijkstra */,
			);
			name = Products;
			sourceTree = "<group>";
		};
		717AE962139103210023675F /* Dijkstra */ = {
			isa = PBXGroup;
			children = (
				717AE963139103210023675F /* main.cpp */,
				717AE965139103210023675F /* Dijkstra.1 */,
			);
			path = Dijkstra;
			sourceTree = "<group>";
		};
/* End PBXGroup section */

/* Begin PBXNativeTarget section */
		717AE95E139103210023675F /* Dijkstra */ = {
			isa = PBXNativeTarget;
			buildConfigurationList = 717AE968139103210023675F /* Build configuration list for PBXNativeTarget "Dijkstra" */;
			buildPhases = (
				717AE95B139103210023675F /* Sources */,
				717AE95C139103210023675F /* Frameworks */,
				717AE95D139103210023675F /* CopyFiles */,
			);
			buildRules = (
			);
			dependencies = (
			);
			name = Dijkstra;
			productName = Dijkstra;
			productReference = 717AE95F139103210023675F /* Dijkstra */;
			productType = "com.apple.product-type.tool";
		};
/* End PBXNativeTarget section */

/* Begin PBXProject section */
		717AE956139103210023675F /* Project object */ = {
			isa = PBXProject;
			attributes = {
				ORGANIZATIONNAME = AdTaily;
			};
			buildConfigurationList = 717AE959139103210023675F /* Build configuration list for PBXProject "Dijkstra" */;
			compatibilityVersion = "Xcode 3.2";
			developmentRegion = English;
			hasScannedForEncodings = 0;
			knownRegions = (
				en,
			);
			mainGroup = 717AE954139103210023675F;
			productRefGroup = 717AE960139103210023675F /* Products */;
			projectDirPath = "";
			projectRoot = "";
			targets = (
				717AE95E139103210023675F /* Dijkstra */,
			);
		};
/* End PBXProject section */

/* Begin PBXSourcesBuildPhase section */
		717AE95B139103210023675F /* Sources */ = {
			isa = PBXSourcesBuildPhase;
			buildActionMask = 2147483647;
			files = (
				717AE964139103210023675F /* main.cpp in Sources */,
			);
			runOnlyForDeploymentPostprocessing = 0;
		};
/* End PBXSourcesBuildPhase section */

/* Begin XCBuildConfiguration section */
		717AE966139103210023675F /* Debug */ = {
			isa = XCBuildConfiguration;
			buildSettings = {
				ARCHS = "$(ARCHS_STANDARD_32_64_BIT)";
				GCC_C_LANGUAGE_STANDARD = gnu99;
				GCC_OPTIMIZATION_LEVEL = 0;
				GCC_PREPROCESSOR_DEFINITIONS = DEBUG;
				GCC_SYMBOLS_PRIVATE_EXTERN = NO;
				GCC_VERSION = com.apple.compilers.llvm.clang.1_0;
				GCC_WARN_64_TO_32_BIT_CONVERSION = YES;
				GCC_WARN_ABOUT_RETURN_TYPE = YES;
				GCC_WARN_UNUSED_VARIABLE = YES;
				MACOSX_DEPLOYMENT_TARGET = 10.6;
				ONLY_ACTIVE_ARCH = YES;
				SDKROOT = macosx;
			};
			name = Debug;
		};
		717AE967139103210023675F /* Release */ = {
			isa = XCBuildConfiguration;
			buildSettings = {
				ARCHS = "$(ARCHS_STANDARD_32_64_BIT)";
				GCC_C_LANGUAGE_STANDARD = gnu99;
				GCC_VERSION = com.apple.compilers.llvm.clang.1_0;
				GCC_WARN_64_TO_32_BIT_CONVERSION = YES;
				GCC_WARN_ABOUT_RETURN_TYPE = YES;
				GCC_WARN_UNUSED_VARIABLE = YES;
				MACOSX_DEPLOYMENT_TARGET = 10.6;
				SDKROOT = macosx;
			};
			name = Release;
		};
		717AE969139103210023675F /* Debug */ = {
			isa = XCBuildConfiguration;
			buildSettings = {
				ALWAYS_SEARCH_USER_PATHS = NO;
				COPY_PHASE_STRIP = NO;
				GCC_DYNAMIC_NO_PIC = NO;
				GCC_ENABLE_OBJC_EXCEPTIONS = YES;
				PRODUCT_NAME = "$(TARGET_NAME)";
			};
			name = Debug;
		};
		717AE96A139103210023675F /* Release */ = {
			isa = XCBuildConfiguration;
			buildSettings = {
				ALWAYS_SEARCH_USER_PATHS = NO;
				COPY_PHASE_STRIP = YES;
				DEBUG_INFORMATION_FORMAT = "dwarf-with-dsym";
				GCC_ENABLE_OBJC_EXCEPTIONS = YES;
				PRODUCT_NAME = "$(TARGET_NAME)";
			};
			name = Release;
		};
/* End XCBuildConfiguration section */

/* Begin XCConfigurationList section */
		717AE959139103210023675F /* Build configuration list for PBXProject "Dijkstra" */ = {
			isa = XCConfigurationList;
			buildConfigurations = (
				717AE966139103210023675F /* Debug */,
				717AE967139103210023675F /* Release */,
			);
			defaultConfigurationIsVisible = 0;
			defaultConfigurationName = Release;
		};
		717AE968139103210023675F /* Build configuration list for PBXNativeTarget "Dijkstra" */ = {
			isa = XCConfigurationList;
			buildConfigurations = (
				717AE969139103210023675F /* Debug */,
				717AE96A139103210023675F /* Release */,
			);
			defaultConfigurationIsVisible = 0;
		};
/* End XCConfigurationList section */
	};
	rootObject = 717AE956139103210023675F /* Project object */;
}
